
Microsoft Visual Studio Solution File, Format Version 12.00
# Visual Studio Version 17
VisualStudioVersion = 17.9.34622.214
MinimumVisualStudioVersion = 10.0.40219.1
Project("{2150E333-8FDC-42A3-9474-1A3956D46DE8}") = "AnimeService", "AnimeService", "{C3659B6E-A09E-4A3B-8E1D-019C6D0976AD}"
EndProject
Project("{2150E333-8FDC-42A3-9474-1A3956D46DE8}") = "CartoonService", "CartoonService", "{716F78C2-E83A-4F63-BBA9-26A6FD2A64F9}"
EndProject
Project("{2150E333-8FDC-42A3-9474-1A3956D46DE8}") = "SeriesService", "SeriesService", "{21B1AE6F-C15E-4AAE-B67C-D4DBFF538D60}"
EndProject
Project("{2150E333-8FDC-42A3-9474-1A3956D46DE8}") = "FilmService", "FilmService", "{CE2A42D4-6C3F-4814-9B87-F41B838909CA}"
EndProject
Project("{2150E333-8FDC-42A3-9474-1A3956D46DE8}") = "TransactionService", "TransactionService", "{AD2445CC-A610-4AB4-8910-B49ADD2569B9}"
EndProject
Project("{2150E333-8FDC-42A3-9474-1A3956D46DE8}") = "UserService", "UserService", "{5F3E659A-BF88-4B3B-99FD-E0F27D53982C}"
EndProject
Project("{9A19103F-16F7-4668-BE54-9A1E7A4F7556}") = "AnimeServiceAPI", "AnimeService\AnimeServiceAPI\AnimeServiceAPI.csproj", "{ACF58820-4304-4A42-9AC3-2A280ECA1638}"
EndProject
Project("{9A19103F-16F7-4668-BE54-9A1E7A4F7556}") = "BusinessLogicLayer", "AnimeService\BusinessLogicLayer\BusinessLogicLayer.csproj", "{A6F778D5-A212-44D6-8C4E-85C8ACA44350}"
EndProject
Project("{9A19103F-16F7-4668-BE54-9A1E7A4F7556}") = "DataAccessLayer", "AnimeService\DataAccessLayer\DataAccessLayer.csproj", "{EEA42E51-5966-4740-863E-7425C39C0E37}"
EndProject
Project("{9A19103F-16F7-4668-BE54-9A1E7A4F7556}") = "CartoonServiceAPI", "CartoonService\CartoonServiceAPI\CartoonServiceAPI.csproj", "{68088458-8F34-4AF9-A76F-77B13FC87665}"
EndProject
Project("{9A19103F-16F7-4668-BE54-9A1E7A4F7556}") = "DataAccessLayer", "CartoonService\DataAccessLayer\DataAccessLayer.csproj", "{025AC2C4-0286-4DF5-8864-D37CBD91F3E3}"
EndProject
Project("{9A19103F-16F7-4668-BE54-9A1E7A4F7556}") = "BusinessLogicLayer", "CartoonService\BusinessLogicLayer\BusinessLogicLayer.csproj", "{80E97385-2890-4243-9001-9F10553F3743}"
EndProject
Project("{9A19103F-16F7-4668-BE54-9A1E7A4F7556}") = "FilmServiceAPI", "FilmService\FilmServiceAPI\FilmServiceAPI.csproj", "{710D1DEC-53DA-417C-9A6B-7F7F4F25666D}"
EndProject
Project("{9A19103F-16F7-4668-BE54-9A1E7A4F7556}") = "DataAccessLayer", "FilmService\DataAccessLayer\DataAccessLayer.csproj", "{3B927514-54B5-41B3-9BE6-EA2E984F4F24}"
EndProject
Project("{9A19103F-16F7-4668-BE54-9A1E7A4F7556}") = "BusinessLogicLayer", "FilmService\BusinessLogicLayer\BusinessLogicLayer.csproj", "{CDD2B928-1F8F-43E2-B17E-8660E4B9B022}"
EndProject
Project("{9A19103F-16F7-4668-BE54-9A1E7A4F7556}") = "SeriesServiceAPI", "SeriesService\SeriesServiceAPI\SeriesServiceAPI.csproj", "{2DD69E5B-0241-467F-A9D1-4E4F17CAD013}"
EndProject
Project("{9A19103F-16F7-4668-BE54-9A1E7A4F7556}") = "DataAccessLayer", "SeriesService\DataAccessLayer\DataAccessLayer.csproj", "{D0F1F1E3-9493-46C5-A1ED-858E0D468B3B}"
EndProject
Project("{9A19103F-16F7-4668-BE54-9A1E7A4F7556}") = "BusinessLogicLayer", "SeriesService\BusinessLogicLayer\BusinessLogicLayer.csproj", "{D527B35A-E5E7-4BBD-9B44-8E8A2899A448}"
EndProject
Project("{9A19103F-16F7-4668-BE54-9A1E7A4F7556}") = "TransactionServiceAPI", "TransactionService\TransactionServiceAPI\TransactionServiceAPI.csproj", "{3D27590F-89D5-4F10-8661-1C4EA079CE81}"
EndProject
Project("{9A19103F-16F7-4668-BE54-9A1E7A4F7556}") = "BusinessLogicLayer", "TransactionService\BusinessLogicLayer\BusinessLogicLayer.csproj", "{1CC7EE8F-D0F0-400C-B55B-B20D96AC0855}"
EndProject
Project("{9A19103F-16F7-4668-BE54-9A1E7A4F7556}") = "DataAccessLayer", "TransactionService\DataAccessLayer\DataAccessLayer.csproj", "{1FEF67BB-0F1E-4F00-9071-00DB3DCB3534}"
EndProject
Project("{9A19103F-16F7-4668-BE54-9A1E7A4F7556}") = "UserServiceAPI", "UserService\UserServiceAPI\UserServiceAPI.csproj", "{05260786-011D-46DC-88E5-AD29736FBE33}"
EndProject
Project("{9A19103F-16F7-4668-BE54-9A1E7A4F7556}") = "DataAccessLayer", "UserService\DataAccessLayer\DataAccessLayer.csproj", "{856B0A34-1A61-482F-9FA5-856D5E2DA212}"
EndProject
Project("{9A19103F-16F7-4668-BE54-9A1E7A4F7556}") = "BusinessLogicLayer", "UserService\BusinessLogicLayer\BusinessLogicLayer.csproj", "{B8C74B30-19EC-4FF0-95CE-76655DCA6368}"
EndProject
Project("{FAE04EC0-301F-11D3-BF4B-00C04F79EFBC}") = "MessageBus", "MessageBus\MessageBus.csproj", "{3CD9B9E4-C112-4610-B90C-AA8495F973DE}"
EndProject
Global
	GlobalSection(SolutionConfigurationPlatforms) = preSolution
		Debug|Any CPU = Debug|Any CPU
		Release|Any CPU = Release|Any CPU
	EndGlobalSection
	GlobalSection(ProjectConfigurationPlatforms) = postSolution
		{ACF58820-4304-4A42-9AC3-2A280ECA1638}.Debug|Any CPU.ActiveCfg = Debug|Any CPU
		{ACF58820-4304-4A42-9AC3-2A280ECA1638}.Debug|Any CPU.Build.0 = Debug|Any CPU
		{ACF58820-4304-4A42-9AC3-2A280ECA1638}.Release|Any CPU.ActiveCfg = Release|Any CPU
		{ACF58820-4304-4A42-9AC3-2A280ECA1638}.Release|Any CPU.Build.0 = Release|Any CPU
		{A6F778D5-A212-44D6-8C4E-85C8ACA44350}.Debug|Any CPU.ActiveCfg = Debug|Any CPU
		{A6F778D5-A212-44D6-8C4E-85C8ACA44350}.Debug|Any CPU.Build.0 = Debug|Any CPU
		{A6F778D5-A212-44D6-8C4E-85C8ACA44350}.Release|Any CPU.ActiveCfg = Release|Any CPU
		{A6F778D5-A212-44D6-8C4E-85C8ACA44350}.Release|Any CPU.Build.0 = Release|Any CPU
		{EEA42E51-5966-4740-863E-7425C39C0E37}.Debug|Any CPU.ActiveCfg = Debug|Any CPU
		{EEA42E51-5966-4740-863E-7425C39C0E37}.Debug|Any CPU.Build.0 = Debug|Any CPU
		{EEA42E51-5966-4740-863E-7425C39C0E37}.Release|Any CPU.ActiveCfg = Release|Any CPU
		{EEA42E51-5966-4740-863E-7425C39C0E37}.Release|Any CPU.Build.0 = Release|Any CPU
		{68088458-8F34-4AF9-A76F-77B13FC87665}.Debug|Any CPU.ActiveCfg = Debug|Any CPU
		{68088458-8F34-4AF9-A76F-77B13FC87665}.Debug|Any CPU.Build.0 = Debug|Any CPU
		{68088458-8F34-4AF9-A76F-77B13FC87665}.Release|Any CPU.ActiveCfg = Release|Any CPU
		{68088458-8F34-4AF9-A76F-77B13FC87665}.Release|Any CPU.Build.0 = Release|Any CPU
		{025AC2C4-0286-4DF5-8864-D37CBD91F3E3}.Debug|Any CPU.ActiveCfg = Debug|Any CPU
		{025AC2C4-0286-4DF5-8864-D37CBD91F3E3}.Debug|Any CPU.Build.0 = Debug|Any CPU
		{025AC2C4-0286-4DF5-8864-D37CBD91F3E3}.Release|Any CPU.ActiveCfg = Release|Any CPU
		{025AC2C4-0286-4DF5-8864-D37CBD91F3E3}.Release|Any CPU.Build.0 = Release|Any CPU
		{80E97385-2890-4243-9001-9F10553F3743}.Debug|Any CPU.ActiveCfg = Debug|Any CPU
		{80E97385-2890-4243-9001-9F10553F3743}.Debug|Any CPU.Build.0 = Debug|Any CPU
		{80E97385-2890-4243-9001-9F10553F3743}.Release|Any CPU.ActiveCfg = Release|Any CPU
		{80E97385-2890-4243-9001-9F10553F3743}.Release|Any CPU.Build.0 = Release|Any CPU
		{710D1DEC-53DA-417C-9A6B-7F7F4F25666D}.Debug|Any CPU.ActiveCfg = Debug|Any CPU
		{710D1DEC-53DA-417C-9A6B-7F7F4F25666D}.Debug|Any CPU.Build.0 = Debug|Any CPU
		{710D1DEC-53DA-417C-9A6B-7F7F4F25666D}.Release|Any CPU.ActiveCfg = Release|Any CPU
		{710D1DEC-53DA-417C-9A6B-7F7F4F25666D}.Release|Any CPU.Build.0 = Release|Any CPU
		{3B927514-54B5-41B3-9BE6-EA2E984F4F24}.Debug|Any CPU.ActiveCfg = Debug|Any CPU
		{3B927514-54B5-41B3-9BE6-EA2E984F4F24}.Debug|Any CPU.Build.0 = Debug|Any CPU
		{3B927514-54B5-41B3-9BE6-EA2E984F4F24}.Release|Any CPU.ActiveCfg = Release|Any CPU
		{3B927514-54B5-41B3-9BE6-EA2E984F4F24}.Release|Any CPU.Build.0 = Release|Any CPU
		{CDD2B928-1F8F-43E2-B17E-8660E4B9B022}.Debug|Any CPU.ActiveCfg = Debug|Any CPU
		{CDD2B928-1F8F-43E2-B17E-8660E4B9B022}.Debug|Any CPU.Build.0 = Debug|Any CPU
		{CDD2B928-1F8F-43E2-B17E-8660E4B9B022}.Release|Any CPU.ActiveCfg = Release|Any CPU
		{CDD2B928-1F8F-43E2-B17E-8660E4B9B022}.Release|Any CPU.Build.0 = Release|Any CPU
		{2DD69E5B-0241-467F-A9D1-4E4F17CAD013}.Debug|Any CPU.ActiveCfg = Debug|Any CPU
		{2DD69E5B-0241-467F-A9D1-4E4F17CAD013}.Debug|Any CPU.Build.0 = Debug|Any CPU
		{2DD69E5B-0241-467F-A9D1-4E4F17CAD013}.Release|Any CPU.ActiveCfg = Release|Any CPU
		{2DD69E5B-0241-467F-A9D1-4E4F17CAD013}.Release|Any CPU.Build.0 = Release|Any CPU
		{D0F1F1E3-9493-46C5-A1ED-858E0D468B3B}.Debug|Any CPU.ActiveCfg = Debug|Any CPU
		{D0F1F1E3-9493-46C5-A1ED-858E0D468B3B}.Debug|Any CPU.Build.0 = Debug|Any CPU
		{D0F1F1E3-9493-46C5-A1ED-858E0D468B3B}.Release|Any CPU.ActiveCfg = Release|Any CPU
		{D0F1F1E3-9493-46C5-A1ED-858E0D468B3B}.Release|Any CPU.Build.0 = Release|Any CPU
		{D527B35A-E5E7-4BBD-9B44-8E8A2899A448}.Debug|Any CPU.ActiveCfg = Debug|Any CPU
		{D527B35A-E5E7-4BBD-9B44-8E8A2899A448}.Debug|Any CPU.Build.0 = Debug|Any CPU
		{D527B35A-E5E7-4BBD-9B44-8E8A2899A448}.Release|Any CPU.ActiveCfg = Release|Any CPU
		{D527B35A-E5E7-4BBD-9B44-8E8A2899A448}.Release|Any CPU.Build.0 = Release|Any CPU
		{3D27590F-89D5-4F10-8661-1C4EA079CE81}.Debug|Any CPU.ActiveCfg = Debug|Any CPU
		{3D27590F-89D5-4F10-8661-1C4EA079CE81}.Debug|Any CPU.Build.0 = Debug|Any CPU
		{3D27590F-89D5-4F10-8661-1C4EA079CE81}.Release|Any CPU.ActiveCfg = Release|Any CPU
		{3D27590F-89D5-4F10-8661-1C4EA079CE81}.Release|Any CPU.Build.0 = Release|Any CPU
		{1CC7EE8F-D0F0-400C-B55B-B20D96AC0855}.Debug|Any CPU.ActiveCfg = Debug|Any CPU
		{1CC7EE8F-D0F0-400C-B55B-B20D96AC0855}.Debug|Any CPU.Build.0 = Debug|Any CPU
		{1CC7EE8F-D0F0-400C-B55B-B20D96AC0855}.Release|Any CPU.ActiveCfg = Release|Any CPU
		{1CC7EE8F-D0F0-400C-B55B-B20D96AC0855}.Release|Any CPU.Build.0 = Release|Any CPU
		{1FEF67BB-0F1E-4F00-9071-00DB3DCB3534}.Debug|Any CPU.ActiveCfg = Debug|Any CPU
		{1FEF67BB-0F1E-4F00-9071-00DB3DCB3534}.Debug|Any CPU.Build.0 = Debug|Any CPU
		{1FEF67BB-0F1E-4F00-9071-00DB3DCB3534}.Release|Any CPU.ActiveCfg = Release|Any CPU
		{1FEF67BB-0F1E-4F00-9071-00DB3DCB3534}.Release|Any CPU.Build.0 = Release|Any CPU
		{05260786-011D-46DC-88E5-AD29736FBE33}.Debug|Any CPU.ActiveCfg = Debug|Any CPU
		{05260786-011D-46DC-88E5-AD29736FBE33}.Debug|Any CPU.Build.0 = Debug|Any CPU
		{05260786-011D-46DC-88E5-AD29736FBE33}.Release|Any CPU.ActiveCfg = Release|Any CPU
		{05260786-011D-46DC-88E5-AD29736FBE33}.Release|Any CPU.Build.0 = Release|Any CPU
		{856B0A34-1A61-482F-9FA5-856D5E2DA212}.Debug|Any CPU.ActiveCfg = Debug|Any CPU
		{856B0A34-1A61-482F-9FA5-856D5E2DA212}.Debug|Any CPU.Build.0 = Debug|Any CPU
		{856B0A34-1A61-482F-9FA5-856D5E2DA212}.Release|Any CPU.ActiveCfg = Release|Any CPU
		{856B0A34-1A61-482F-9FA5-856D5E2DA212}.Release|Any CPU.Build.0 = Release|Any CPU
		{B8C74B30-19EC-4FF0-95CE-76655DCA6368}.Debug|Any CPU.ActiveCfg = Debug|Any CPU
		{B8C74B30-19EC-4FF0-95CE-76655DCA6368}.Debug|Any CPU.Build.0 = Debug|Any CPU
		{B8C74B30-19EC-4FF0-95CE-76655DCA6368}.Release|Any CPU.ActiveCfg = Release|Any CPU
		{B8C74B30-19EC-4FF0-95CE-76655DCA6368}.Release|Any CPU.Build.0 = Release|Any CPU
		{3CD9B9E4-C112-4610-B90C-AA8495F973DE}.Debug|Any CPU.ActiveCfg = Debug|Any CPU
		{3CD9B9E4-C112-4610-B90C-AA8495F973DE}.Debug|Any CPU.Build.0 = Debug|Any CPU
		{3CD9B9E4-C112-4610-B90C-AA8495F973DE}.Release|Any CPU.ActiveCfg = Release|Any CPU
		{3CD9B9E4-C112-4610-B90C-AA8495F973DE}.Release|Any CPU.Build.0 = Release|Any CPU
	EndGlobalSection
	GlobalSection(SolutionProperties) = preSolution
		HideSolutionNode = FALSE
	EndGlobalSection
	GlobalSection(NestedProjects) = preSolution
		{ACF58820-4304-4A42-9AC3-2A280ECA1638} = {C3659B6E-A09E-4A3B-8E1D-019C6D0976AD}
		{A6F778D5-A212-44D6-8C4E-85C8ACA44350} = {C3659B6E-A09E-4A3B-8E1D-019C6D0976AD}
		{EEA42E51-5966-4740-863E-7425C39C0E37} = {C3659B6E-A09E-4A3B-8E1D-019C6D0976AD}
		{68088458-8F34-4AF9-A76F-77B13FC87665} = {716F78C2-E83A-4F63-BBA9-26A6FD2A64F9}
		{025AC2C4-0286-4DF5-8864-D37CBD91F3E3} = {716F78C2-E83A-4F63-BBA9-26A6FD2A64F9}
		{80E97385-2890-4243-9001-9F10553F3743} = {716F78C2-E83A-4F63-BBA9-26A6FD2A64F9}
		{710D1DEC-53DA-417C-9A6B-7F7F4F25666D} = {CE2A42D4-6C3F-4814-9B87-F41B838909CA}
		{3B927514-54B5-41B3-9BE6-EA2E984F4F24} = {CE2A42D4-6C3F-4814-9B87-F41B838909CA}
		{CDD2B928-1F8F-43E2-B17E-8660E4B9B022} = {CE2A42D4-6C3F-4814-9B87-F41B838909CA}
		{2DD69E5B-0241-467F-A9D1-4E4F17CAD013} = {21B1AE6F-C15E-4AAE-B67C-D4DBFF538D60}
		{D0F1F1E3-9493-46C5-A1ED-858E0D468B3B} = {21B1AE6F-C15E-4AAE-B67C-D4DBFF538D60}
		{D527B35A-E5E7-4BBD-9B44-8E8A2899A448} = {21B1AE6F-C15E-4AAE-B67C-D4DBFF538D60}
		{3D27590F-89D5-4F10-8661-1C4EA079CE81} = {AD2445CC-A610-4AB4-8910-B49ADD2569B9}
		{1CC7EE8F-D0F0-400C-B55B-B20D96AC0855} = {AD2445CC-A610-4AB4-8910-B49ADD2569B9}
		{1FEF67BB-0F1E-4F00-9071-00DB3DCB3534} = {AD2445CC-A610-4AB4-8910-B49ADD2569B9}
		{05260786-011D-46DC-88E5-AD29736FBE33} = {5F3E659A-BF88-4B3B-99FD-E0F27D53982C}
		{856B0A34-1A61-482F-9FA5-856D5E2DA212} = {5F3E659A-BF88-4B3B-99FD-E0F27D53982C}
		{B8C74B30-19EC-4FF0-95CE-76655DCA6368} = {5F3E659A-BF88-4B3B-99FD-E0F27D53982C}
	EndGlobalSection
	GlobalSection(ExtensibilityGlobals) = postSolution
		SolutionGuid = {00C9E4CA-260F-4CB4-865F-92B48E275042}
	EndGlobalSection
EndGlobal
